[[package]]
name = "astroid"
version = "1.6.5"
description = "A abstract syntax tree for Python with inference support."
category = "dev"
optional = false
python-versions = ">=2.7, !=3.0.*, !=3.1.*, !=3.2.*, !=3.3.*"
platform = "*"

[package.dependencies]
"backports.functools-lru-cache" = "*"
singledispatch = "*"
enum34 = ">=1.1.3"
wrapt = "*"
six = "*"
lazy-object-proxy = "*"
[[package]]
name = "atomicwrites"
version = "1.1.5"
description = "Atomic file writes."
category = "dev"
optional = false
python-versions = "*"
platform = "UNKNOWN"

[[package]]
name = "attrs"
version = "18.1.0"
description = "Classes Without Boilerplate"
category = "dev"
optional = false
python-versions = "*"
platform = "*"

[[package]]
name = "backports.functools-lru-cache"
version = "1.5"
description = "backports.functools_lru_cache"
category = "dev"
optional = false
python-versions = ">=2.6"
platform = "*"

[package.requirements]
python = "<3.4"
[[package]]
name = "click"
version = "6.7"
description = "A simple wrapper around optparse for powerful command line utilities."
category = "main"
optional = false
python-versions = "*"
platform = "*"

[[package]]
name = "colorama"
version = "0.3.9"
description = "Cross-platform colored terminal text."
category = "dev"
optional = false
python-versions = "*"
platform = "UNKNOWN"

[package.requirements]
platform = "win32"
[[package]]
name = "configparser"
version = "3.5.0"
description = "This library brings the updated configparser from Python 3.5 to Python 2.6-3.5."
category = "dev"
optional = false
python-versions = "*"
platform = "any"

[package.requirements]
python = "~2.7"
[[package]]
name = "enum34"
version = "1.1.6"
description = "Python 3.4 Enum backported to 3.3, 3.2, 3.1, 2.7, 2.6, 2.5, and 2.4"
category = "main"
optional = false
python-versions = "*"
platform = "UNKNOWN"

[package.requirements]
python = "<3.4"
[[package]]
name = "eventlet"
version = "0.23.0"
description = "Highly concurrent networking library"
category = "main"
optional = false
python-versions = "*"
platform = "*"

[package.dependencies]
enum34 = "*"
greenlet = ">=0.3"
[[package]]
name = "flask"
version = "1.0.2"
description = "A simple framework for building complex web applications."
category = "main"
optional = false
python-versions = "*"
platform = "any"

[package.dependencies]
click = ">=5.1"
itsdangerous = ">=0.24"
Jinja2 = ">=2.10"
Werkzeug = ">=0.14"
[[package]]
name = "flask-socketio"
version = "3.0.1"
description = "Socket.IO integration for Flask applications"
category = "main"
optional = false
python-versions = "*"
platform = "any"

[package.dependencies]
python-socketio = ">=1.6.1"
Flask = ">=0.9"
[[package]]
name = "funcsigs"
version = "1.0.2"
description = "Python function signatures from PEP362 for Python 2.6, 2.7 and 3.2+"
category = "dev"
optional = false
python-versions = "*"
platform = "UNKNOWN"

[package.dependencies]
ordereddict = "*"
[package.requirements]
python = "<3.0"
[[package]]
name = "futures"
version = "3.2.0"
description = "Backport of the concurrent.futures package from Python 3"
category = "dev"
optional = false
python-versions = ">=2.6, <3"
platform = "*"

[package.requirements]
python = "~2.7"
[[package]]
name = "greenlet"
version = "0.4.13"
description = "Lightweight in-process concurrent programming"
category = "main"
optional = false
python-versions = "*"
platform = "any"

[[package]]
name = "isort"
version = "4.3.4"
description = "A Python utility / library to sort Python imports."
category = "dev"
optional = false
python-versions = ">=2.7, !=3.0.*, !=3.1.*, !=3.2.*, !=3.3.*"
platform = "*"

[package.dependencies]
futures = "*"
[[package]]
name = "itsdangerous"
version = "0.24"
description = "Various helpers to pass trusted data to untrusted environments and back."
category = "main"
optional = false
python-versions = "*"
platform = "UNKNOWN"

[[package]]
name = "jinja2"
version = "2.10"
description = "A small but fast and easy to use stand-alone template engine written in pure python."
category = "main"
optional = false
python-versions = "*"
platform = "*"

[package.dependencies]
MarkupSafe = ">=0.23"
[[package]]
name = "lazy-object-proxy"
version = "1.3.1"
description = "A fast and thorough lazy object proxy."
category = "dev"
optional = false
python-versions = "*"
platform = "*"

[[package]]
name = "markupsafe"
version = "1.0"
description = "Implements a XML/HTML/XHTML Markup safe string for Python"
category = "main"
optional = false
python-versions = "*"
platform = "UNKNOWN"

[[package]]
name = "mccabe"
version = "0.6.1"
description = "McCabe checker, plugin for flake8"
category = "dev"
optional = false
python-versions = "*"
platform = "*"

[[package]]
name = "more-itertools"
version = "4.2.0"
description = "More routines for operating on iterables, beyond itertools"
category = "dev"
optional = false
python-versions = "*"
platform = "*"

[package.dependencies]
six = ">=1.0.0,<2.0.0"
[[package]]
name = "mypy"
version = "0.610"
description = "Optional static typing for Python"
category = "dev"
optional = false
python-versions = "*"
platform = "*"

[package.dependencies]
typing = ">=3.5.3"
typed-ast = ">=1.1.0,<1.2.0"
[[package]]
name = "ordereddict"
version = "1.1"
description = "A drop-in substitute for Py2.7's new collections.OrderedDict that works in Python 2.4-2.6."
category = "dev"
optional = false
python-versions = "*"
platform = "UNKNOWN"

[package.requirements]
python = "<2.7"
[[package]]
name = "pluggy"
version = "0.6.0"
description = "plugin and hook calling mechanisms for python"
category = "dev"
optional = false
python-versions = ">=2.7, !=3.0.*, !=3.1.*, !=3.2.*, !=3.3.*"
platform = "unix"

[[package]]
name = "py"
version = "1.5.3"
description = "library with cross-python path, ini-parsing, io, code, log facilities"
category = "dev"
optional = false
python-versions = ">=2.7, !=3.0.*, !=3.1.*, !=3.2.*, !=3.3.*"
platform = "unix"

[[package]]
name = "pylint"
version = "1.9.2"
description = "python code static checker"
category = "dev"
optional = false
python-versions = ">=2.7, !=3.0.*, !=3.1.*, !=3.2.*, !=3.3.*"
platform = "*"

[package.dependencies]
colorama = "*"
"backports.functools-lru-cache" = "*"
configparser = "*"
singledispatch = "*"
mccabe = "*"
isort = ">=4.2.5"
six = "*"
astroid = ">=1.6,<2.0"
[[package]]
name = "pytest"
version = "3.6.2"
description = "pytest: simple powerful testing with Python"
category = "dev"
optional = false
python-versions = ">=2.7, !=3.0.*, !=3.1.*, !=3.2.*, !=3.3.*"
platform = "unix"

[package.dependencies]
colorama = "*"
funcsigs = "*"
pluggy = ">=0.5,<0.7"
atomicwrites = ">=1.0"
more-itertools = ">=4.0.0"
attrs = ">=17.4.0"
setuptools = "*"
six = ">=1.10.0"
py = ">=1.5.0"
[[package]]
name = "python-engineio"
version = "2.1.1"
description = "Engine.IO server"
category = "main"
optional = false
python-versions = "*"
platform = "any"

[package.dependencies]
six = ">=1.9.0"
[[package]]
name = "python-socketio"
version = "1.9.0"
description = "Socket.IO server"
category = "main"
optional = false
python-versions = "*"
platform = "any"

[package.dependencies]
six = ">=1.9.0"
python-engineio = ">=1.2.1"
[[package]]
name = "setuptools"
version = "39.2.0"
description = "Easily download, build, install, upgrade, and uninstall Python packages"
category = "dev"
optional = false
python-versions = ">=2.7,!=3.0.*,!=3.1.*,!=3.2.*"
platform = "*"

[[package]]
name = "singledispatch"
version = "3.4.0.3"
description = "This library brings functools.singledispatch from Python 3.4 to Python 2.6-3.3."
category = "dev"
optional = false
python-versions = "*"
platform = "any"

[package.dependencies]
six = "*"
[package.requirements]
python = "<3.4"
[[package]]
name = "six"
version = "1.11.0"
description = "Python 2 and 3 compatibility utilities"
category = "main"
optional = false
python-versions = "*"
platform = "*"

[[package]]
name = "typed-ast"
version = "1.1.0"
description = "a fork of Python 2 and 3 ast modules with type comment support"
category = "dev"
optional = false
python-versions = "*"
platform = "POSIX"

[[package]]
name = "typing"
version = "3.6.4"
description = "Type Hints for Python"
category = "dev"
optional = false
python-versions = "*"
platform = "*"

[package.requirements]
python = "<3.5"
[[package]]
name = "werkzeug"
version = "0.14.1"
description = "The comprehensive WSGI web application library."
category = "main"
optional = false
python-versions = "*"
platform = "any"

[[package]]
name = "wrapt"
version = "1.10.11"
description = "Module for decorators, wrappers and monkey patching."
category = "dev"
optional = false
python-versions = "*"
platform = "*"

[metadata]
python-versions = "*"
platform = "*"
content-hash = "b3aee0ecf5d050d68e4dc52d500409062202f9b9c94b980a13543a173d2904eb"

[metadata.hashes]
astroid = [ "0ef2bf9f07c3150929b25e8e61b5198c27b0dca195e156f0e4d5bdd89185ca1a", "fc9b582dba0366e63540982c3944a9230cbc6f303641c51483fa547dcc22393a",]
atomicwrites = [ "a24da68318b08ac9c9c45029f4a10371ab5b20e4226738e150e6e7c571630ae6", "240831ea22da9ab882b551b31d4225591e5e447a68c5e188db5b89ca1d487585",]
attrs = [ "4b90b09eeeb9b88c35bc642cbac057e45a5fd85367b985bd2809c62b7b939265", "e0d0eb91441a3b53dab4d9b743eafc1ac44476296a2053b6ca3af0b139faf87b",]
"backports.functools-lru-cache" = [ "f0b0e4eba956de51238e17573b7087e852dfe9854afd2e9c873f73fc0ca0a6dd", "9d98697f088eb1b0fa451391f91afb5e3ebde16bbdb272819fd091151fda4f1a",]
click = [ "29f99fc6125fbc931b758dc053b3114e55c77a6e4c6c3a2674a2dc986016381d", "f15516df478d5a56180fbf80e68f206010e6d160fc39fa508b65e035fd75130b",]
colorama = [ "463f8483208e921368c9f306094eb6f725c6ca42b0f97e313cb5d5512459feda", "48eb22f4f8461b1df5734a074b57042430fb06e1d61bd1e11b078c0fe6d7a1f1",]
configparser = [ "5308b47021bc2340965c371f0f058cc6971a04502638d4244225c49d80db273a",]
enum34 = [ "6bd0f6ad48ec2aa117d3d141940d484deccda84d4fcd884f5c3d93c23ecd8c79", "644837f692e5f550741432dd3f223bbb9852018674981b1664e5dc339387588a", "8ad8c4783bf61ded74527bffb48ed9b54166685e4230386a9ed9b1279e2df5b1", "2d81cbbe0e73112bdfe6ef8576f2238f2ba27dd0d55752a776c41d38b7da2850",]
eventlet = [ "06cffa55b335cc4fc32d0079242a81e8a9cddf2581d64d5f0543e2d412b26ca8", "554a50dad7abee0a9775b0780ce9d9c0bd9123dda4743c46d4314170267c6c47",]
flask = [ "a080b744b7e345ccfcbc77954861cb05b3c63786e93f2b3875e0913d44b43f05", "2271c0070dbcb5275fad4a82e29f23ab92682dc45f9dfbc22c02ba9b9322ce48",]
flask-socketio = [ "794426c85f5b79d66c3ca583b6185d334f1493e655a1a0f02eb893a56970afe4", "034c36bad808f93efd5b0aeafd740dc314b0a848f17e9ec6c387c74b3f22dfe7",]
funcsigs = [ "330cc27ccbf7f1e992e69fef78261dc7c6569012cf397db8d3de0234e6c937ca", "a7bb0f2cf3a3fd1ab2732cb49eba4252c2af4240442415b4abce3b87022a8f50",]
futures = [ "ec0a6cb848cc212002b9828c3e34c675e0c9ff6741dc445cab6fdd4e1085d1f1", "9ec02aa7d674acb8618afb127e27fde7fc68994c0437ad759fa094a574adb265",]
greenlet = [ "50643fd6d54fd919f9a0a577c5f7b71f5d21f0959ab48767bd4bb73ae0839500", "c7b04a6dc74087b1598de8d713198de4718fa30ec6cbb84959b26426c198e041", "b6ef0cabaf5a6ecb5ac122e689d25ba12433a90c7b067b12e5f28bdb7fb78254", "fcfadaf4bf68a27e5dc2f42cbb2f4b4ceea9f05d1d0b8f7787e640bed2801634", "b417bb7ff680d43e7bd7a13e2e08956fa6acb11fd432f74c97b7664f8bdb6ec1", "769b740aeebd584cd59232be84fdcaf6270b8adc356596cdea5b2152c82caaac", "c2de19c88bdb0366c976cc125dca1002ec1b346989d59524178adfd395e62421", "5b49b3049697aeae17ef7bf21267e69972d9e04917658b4e788986ea5cc518e8", "09ef2636ea35782364c830f07127d6c7a70542b178268714a9a9ba16318e7e8b", "f8f2a0ae8de0b49c7b5b2daca4f150fdd9c1173e854df2cce3b04123244f9f45", "1b7df09c6598f5cfb40f843ade14ed1eb40596e75cd79b6fa2efc750ba01bb01", "75c413551a436b462d5929255b6dc9c0c3c2b25cbeaee5271a56c7fda8ca49c0", "58798b5d30054bb4f6cf0f712f08e6092df23a718b69000786634a265e8911a9", "42118bf608e0288e35304b449a2d87e2ba77d1e373e8aa221ccdea073de026fa", "ad2383d39f13534f3ca5c48fe1fc0975676846dc39c2cece78c0f1f9891418e0", "1fff21a2da5f9e03ddc5bd99131a6b8edf3d7f9d6bc29ba21784323d17806ed7", "0fef83d43bf87a5196c91e73cb9772f945a4caaff91242766c5916d1dd1381e4",]
isort = [ "ec9ef8f4a9bc6f71eec99e1806bfa2de401650d996c59330782b89a5555c1497", "1153601da39a25b14ddc54955dbbacbb6b2d19135386699e2ad58517953b34af", "b9c40e9750f3d77e6e4d441d8b0266cf555e7cdabdcff33c4fd06366ca761ef8",]
itsdangerous = [ "cbb3fcf8d3e33df861709ecaf89d9e6629cff0a217bc2848f1b41cd30d360519",]
jinja2 = [ "74c935a1b8bb9a3947c50a54766a969d4846290e1e788ea44c1392163723c3bd", "f84be1bb0040caca4cea721fcbbbbd61f9be9464ca236387158b0feea01914a4",]
lazy-object-proxy = [ "209615b0fe4624d79e50220ce3310ca1a9445fd8e6d3572a896e7f9146bbf019", "1b668120716eb7ee21d8a38815e5eb3bb8211117d9a90b0f8e21722c0758cc39", "cb924aa3e4a3fb644d0c463cad5bc2572649a6a3f68a7f8e4fbe44aaa6d77e4c", "2c1b21b44ac9beb0fc848d3993924147ba45c4ebc24be19825e57aabbe74a99e", "320ffd3de9699d3892048baee45ebfbbf9388a7d65d832d7e580243ade426d2b", "2df72ab12046a3496a92476020a1a0abf78b2a7db9ff4dc2036b8dd980203ae6", "27ea6fd1c02dcc78172a82fc37fcc0992a94e4cecf53cb6d73f11749825bd98b", "e5b9e8f6bda48460b7b143c3821b21b452cb3a835e6bbd5dd33aa0c8d3f5137d", "7661d401d60d8bf15bb5da39e4dd72f5d764c5aff5a86ef52a042506e3e970ff", "61a6cf00dcb1a7f0c773ed4acc509cb636af2d6337a08f362413c76b2b47a8dd", "bd6292f565ca46dee4e737ebcc20742e3b5be2b01556dafe169f6c65d088875f", "933947e8b4fbe617a51528b09851685138b49d511af0b6c0da2539115d6d4514", "d0fc7a286feac9077ec52a927fc9fe8fe2fabab95426722be4c953c9a8bede92", "7f3a2d740291f7f2c111d86a1c4851b70fb000a6c8883a59660d95ad57b9df35", "5276db7ff62bb7b52f77f1f51ed58850e315154249aceb42e7f4c611f0f847ff", "94223d7f060301b3a8c09c9b3bc3294b56b2188e7d8179c762a1cda72c979252", "6ae6c4cb59f199d8827c5a07546b2ab7e85d262acaccaacd49b62f53f7c456f7", "f460d1ceb0e4a5dcb2a652db0904224f367c9b3c1470d5a7683c0480e582468b", "e81ebf6c5ee9684be8f2c87563880f93eedd56dd2b6146d8a725b50b7e5adb0f", "81304b7d8e9c824d058087dcb89144842c8e0dea6d281c031f59f0acf66963d4", "ddc34786490a6e4ec0a855d401034cbd1242ef186c20d79d2166d6a4bd449577", "7bd527f36a605c914efca5d3d014170b2cb184723e423d26b1fb2fd9108e264d", "ab3ca49afcb47058393b0122428358d2fbe0408cf99f1b58b295cfeb4ed39109", "7cb54db3535c8686ea12e9535eb087d32421184eacc6939ef15ef50f83a5e7e2", "0ce34342b419bd8f018e6666bfef729aec3edf62345a53b537a4dcc115746a33", "e34b155e36fa9da7e1b7c738ed7767fc9491a62ec6af70fe9da4a057759edc2d", "50e3b9a464d5d08cc5227413db0d1c4707b6172e4d4d915c1c70e4de0bbff1f5", "27bf62cb2b1a2068d443ff7097ee33393f8483b570b475db8ebf7e1cba64f088", "eb91be369f945f10d3a49f5f9be8b3d0b93a4c2be8f8a5b83b0571b8123e0a7a",]
markupsafe = [ "a6be69091dac236ea9c6bc7d012beab42010fa914c459791d627dad4910eb665",]
mccabe = [ "ab8a6258860da4b6677da4bd2fe5dc2c659cff31b3ee4f7f5d64e79735b80d42", "dd8d182285a0fe56bace7f45b5e7d1a6ebcbf524e8f3bd87eb0f125271b8831f",]
more-itertools = [ "a18d870ef2ffca2b8463c0070ad17b5978056f403fb64e3f15fe62a52db21cc0", "6703844a52d3588f951883005efcf555e49566a48afd4db4e965d69b883980d3", "2b6b9893337bfd9166bee6a62c2b0c9fe7735dcf85948b387ec8cba30e85d8e8",]
mypy = [ "1b899802a89b67bb68f30d788bba49b61b1f28779436f06b75c03495f9d6ea5c", "f472645347430282d62d1f97d12ccb8741f19f1572b7cf30b58280e4e0818739",]
ordereddict = [ "1c35b4ac206cef2d24816c89f89cf289dd3d38cf7c449bb3fab7bf6d43f01b1f",]
pluggy = [ "d345c8fe681115900d6da8d048ba67c25df42973bda370783cd58826442dcd7c", "e160a7fcf25762bb60efc7e171d4497ff1d8d2d75a3d0df7a21b76821ecbf5c5", "7f8ae7f5bdf75671a718d2daf0a64b7885f74510bcd98b1a0bb420eb9a9d0cff",]
py = [ "983f77f3331356039fdd792e9220b7b8ee1aa6bd2b25f567a963ff1de5a64f6a", "29c9fab495d7528e80ba1e343b958684f4ace687327e6f789a94bf3d1915f881",]
pylint = [ "a48070545c12430cfc4e865bf62f5ad367784765681b3db442d8230f0960aa3c", "fff220bcb996b4f7e2b0f6812fd81507b72ca4d8c4d05daf2655c333800cb9b3",]
pytest = [ "90898786b3d0b880b47645bae7b51aa9bbf1e9d1e4510c2cfd15dd65c70ea0cd", "8ea01fc4fcc8e1b1e305252b4bc80a1528019ab99fd3b88666c9dc38d754406c",]
python-engineio = [ "358b6d04273f7c040068a552d1971c9224b22284be167ba816c9843a7d139635", "68307a9cc24392d7a581460226fd0246f92b1923722c37a4af83c374d94b2c8a",]
python-socketio = [ "93f59452416b00ffd04a4f7d95139235e5eb8876cb090aa939a8e7807fc3ebba", "71feb10a1b7b410d8f86bbcb0f589c75a32504a01259ed89aa1d7d5dae9190cc",]
setuptools = [ "8fca9275c89964f13da985c3656cb00ba029d7f3916b37990927ffdf264e7926", "f7cddbb5f5c640311eb00eab6e849f7701fa70bf6a183fc8a2c33dd1d1672fb2",]
singledispatch = [ "833b46966687b3de7f438c761ac475213e53b306740f1abfaa86e1d1aae56aa8", "5b06af87df13818d14f08a028e42f566640aef80805c3b50c5056b086e3c2b9c",]
six = [ "832dc0e10feb1aa2c68dcc57dbb658f1c7e65b9b61af69048abc87a2db00a0eb", "70e8a77beed4562e7f14fe23a786b54f6296e34344c23bc42f07b15018ff98e9",]
typed-ast = [ "0948004fa228ae071054f5208840a1e88747a357ec1101c17217bfe99b299d58", "25d8feefe27eb0303b73545416b13d108c6067b846b543738a25ff304824ed9a", "c05b41bc1deade9f90ddc5d988fe506208019ebba9f2578c622516fd201f5863", "519425deca5c2b2bdac49f77b2c5625781abbaf9a809d727d3a5596b30bb4ded", "6de012d2b166fe7a4cdf505eee3aaa12192f7ba365beeefaca4ec10e31241a85", "79b91ebe5a28d349b6d0d323023350133e927b4de5b651a8aa2db69c761420c6", "a8034021801bc0440f2e027c354b4eafd95891b573e12ff0418dec385c76785c", "f19f2a4f547505fe9072e15f6f4ae714af51b5a681a97f187971f50c283193b6", "c9b060bd1e5a26ab6e8267fd46fc9e02b54eb15fffb16d112d4c7b1c12987559", "2e214b72168ea0275efd6c884b114ab42e316de3ffa125b267e732ed2abda892", "bc978ac17468fe868ee589c795d06777f75496b1ed576d308002c8a5756fb9ea", "edb04bdd45bfd76c8292c4d9654568efaedf76fe78eb246dde69bdb13b2dad87", "668d0cec391d9aed1c6a388b0d5b97cd22e6073eaa5fbaa6d2946603b4871efe", "29464a177d56e4e055b5f7b629935af7f49c196be47528cc94e0a7bf83fbc2b9", "8550177fa5d4c1f09b5e5f524411c44633c80ec69b24e0e98906dd761941ca46", "3e0d5e48e3a23e9a4d1a9f698e32a542a4a288c871d33ed8df1b092a40f3a0f9", "68ba70684990f59497680ff90d18e756a47bf4863c604098f10de9716b2c0bdd", "57fe287f0cdd9ceaf69e7b71a2e94a24b5d268b35df251a88fef5cc241bf73aa",]
typing = [ "b2c689d54e1144bbcfd191b0832980a21c2dbcf7b5ff7a66248a60c90e951eb8", "3a887b021a77b292e151afb75323dea88a7bc1b3dfa92176cff8e44c8b68bddf", "d400a9344254803a2368533e4533a4200d21eb7b6b729c173bc38201a74db3f2",]
werkzeug = [ "d5da73735293558eb1651ee2fddc4d0dedcfa06538b8813a2e20011583c9e49b", "c3fd7a7d41976d9f44db327260e263132466836cef6f91512889ed60ad26557c",]
wrapt = [ "d4d560d479f2c21e1b5443bbd15fe7ec4b37fe7e53d335d3b9b0a7b1226fe3c6",]
